
Microsoft Visual Studio Solution File, Format Version 12.00
# Visual Studio Version 17
VisualStudioVersion = 17.11.35222.181
MinimumVisualStudioVersion = 10.0.40219.1
Project("{FAE04EC0-301F-11D3-BF4B-00C04F79EFBC}") = "Helg algoritm - Jump Game", "Helg algoritm - Jump Game.csproj", "{9EF88064-2A84-481B-8CB5-E8EC6D74DD32}"
EndProject
Global
	GlobalSection(SolutionConfigurationPlatforms) = preSolution
		Debug|Any CPU = Debug|Any CPU
		Release|Any CPU = Release|Any CPU
	EndGlobalSection
	GlobalSection(ProjectConfigurationPlatforms) = postSolution
		{9EF88064-2A84-481B-8CB5-E8EC6D74DD32}.Debug|Any CPU.ActiveCfg = Debug|Any CPU
		{9EF88064-2A84-481B-8CB5-E8EC6D74DD32}.Debug|Any CPU.Build.0 = Debug|Any CPU
		{9EF88064-2A84-481B-8CB5-E8EC6D74DD32}.Release|Any CPU.ActiveCfg = Release|Any CPU
		{9EF88064-2A84-481B-8CB5-E8EC6D74DD32}.Release|Any CPU.Build.0 = Release|Any CPU
	EndGlobalSection
	GlobalSection(SolutionProperties) = preSolution
		HideSolutionNode = FALSE
	EndGlobalSection
	GlobalSection(ExtensibilityGlobals) = postSolution
		SolutionGuid = {F3E0EA64-C087-4F8A-9FE6-17FE21B14442}
	EndGlobalSection
EndGlobal
